
Microsoft Visual Studio Solution File, Format Version 12.00
# Visual Studio Version 17
VisualStudioVersion = 17.0.31903.59
MinimumVisualStudioVersion = 10.0.40219.1
Project("{2150E333-8FDC-42A3-9474-1A3956D46DE8}") = "src", "src", "{827E0CD3-B72D-47B6-A68D-7590B98EB39B}"
EndProject
Project("{FAE04EC0-301F-11D3-BF4B-00C04F79EFBC}") = "TenantCore.Domain", "src\TenantCore.Domain\TenantCore.Domain.csproj", "{9E7A384A-2406-4069-8E10-7CA0AA70F341}"
EndProject
Project("{FAE04EC0-301F-11D3-BF4B-00C04F79EFBC}") = "TenantCore.Application", "src\TenantCore.Application\TenantCore.Application.csproj", "{1B1B368E-61DD-4641-A1AC-5AB8A25249D7}"
EndProject
Project("{FAE04EC0-301F-11D3-BF4B-00C04F79EFBC}") = "TenantCore.Infrastructure", "src\TenantCore.Infrastructure\TenantCore.Infrastructure.csproj", "{A8875C70-E2AC-4619-9274-7D6B02026731}"
EndProject
Project("{FAE04EC0-301F-11D3-BF4B-00C04F79EFBC}") = "TenantCore.Api", "src\TenantCore.Api\TenantCore.Api.csproj", "{97930C9B-A966-4610-81F4-4EC4D33CF336}"
EndProject
Project("{FAE04EC0-301F-11D3-BF4B-00C04F79EFBC}") = "TenantCore.Web", "src\TenantCore.Web\TenantCore.Web.csproj", "{6E444DE7-DFFF-40B0-BF70-670ACFB92236}"
EndProject
Global
	GlobalSection(SolutionConfigurationPlatforms) = preSolution
		Debug|Any CPU = Debug|Any CPU
		Debug|x64 = Debug|x64
		Debug|x86 = Debug|x86
		Release|Any CPU = Release|Any CPU
		Release|x64 = Release|x64
		Release|x86 = Release|x86
	EndGlobalSection
	GlobalSection(ProjectConfigurationPlatforms) = postSolution
		{9E7A384A-2406-4069-8E10-7CA0AA70F341}.Debug|Any CPU.ActiveCfg = Debug|Any CPU
		{9E7A384A-2406-4069-8E10-7CA0AA70F341}.Debug|Any CPU.Build.0 = Debug|Any CPU
		{9E7A384A-2406-4069-8E10-7CA0AA70F341}.Debug|x64.ActiveCfg = Debug|Any CPU
		{9E7A384A-2406-4069-8E10-7CA0AA70F341}.Debug|x64.Build.0 = Debug|Any CPU
		{9E7A384A-2406-4069-8E10-7CA0AA70F341}.Debug|x86.ActiveCfg = Debug|Any CPU
		{9E7A384A-2406-4069-8E10-7CA0AA70F341}.Debug|x86.Build.0 = Debug|Any CPU
		{9E7A384A-2406-4069-8E10-7CA0AA70F341}.Release|Any CPU.ActiveCfg = Release|Any CPU
		{9E7A384A-2406-4069-8E10-7CA0AA70F341}.Release|Any CPU.Build.0 = Release|Any CPU
		{9E7A384A-2406-4069-8E10-7CA0AA70F341}.Release|x64.ActiveCfg = Release|Any CPU
		{9E7A384A-2406-4069-8E10-7CA0AA70F341}.Release|x64.Build.0 = Release|Any CPU
		{9E7A384A-2406-4069-8E10-7CA0AA70F341}.Release|x86.ActiveCfg = Release|Any CPU
		{9E7A384A-2406-4069-8E10-7CA0AA70F341}.Release|x86.Build.0 = Release|Any CPU
		{1B1B368E-61DD-4641-A1AC-5AB8A25249D7}.Debug|Any CPU.ActiveCfg = Debug|Any CPU
		{1B1B368E-61DD-4641-A1AC-5AB8A25249D7}.Debug|Any CPU.Build.0 = Debug|Any CPU
		{1B1B368E-61DD-4641-A1AC-5AB8A25249D7}.Debug|x64.ActiveCfg = Debug|Any CPU
		{1B1B368E-61DD-4641-A1AC-5AB8A25249D7}.Debug|x64.Build.0 = Debug|Any CPU
		{1B1B368E-61DD-4641-A1AC-5AB8A25249D7}.Debug|x86.ActiveCfg = Debug|Any CPU
		{1B1B368E-61DD-4641-A1AC-5AB8A25249D7}.Debug|x86.Build.0 = Debug|Any CPU
		{1B1B368E-61DD-4641-A1AC-5AB8A25249D7}.Release|Any CPU.ActiveCfg = Release|Any CPU
		{1B1B368E-61DD-4641-A1AC-5AB8A25249D7}.Release|Any CPU.Build.0 = Release|Any CPU
		{1B1B368E-61DD-4641-A1AC-5AB8A25249D7}.Release|x64.ActiveCfg = Release|Any CPU
		{1B1B368E-61DD-4641-A1AC-5AB8A25249D7}.Release|x64.Build.0 = Release|Any CPU
		{1B1B368E-61DD-4641-A1AC-5AB8A25249D7}.Release|x86.ActiveCfg = Release|Any CPU
		{1B1B368E-61DD-4641-A1AC-5AB8A25249D7}.Release|x86.Build.0 = Release|Any CPU
		{A8875C70-E2AC-4619-9274-7D6B02026731}.Debug|Any CPU.ActiveCfg = Debug|Any CPU
		{A8875C70-E2AC-4619-9274-7D6B02026731}.Debug|Any CPU.Build.0 = Debug|Any CPU
		{A8875C70-E2AC-4619-9274-7D6B02026731}.Debug|x64.ActiveCfg = Debug|Any CPU
		{A8875C70-E2AC-4619-9274-7D6B02026731}.Debug|x64.Build.0 = Debug|Any CPU
		{A8875C70-E2AC-4619-9274-7D6B02026731}.Debug|x86.ActiveCfg = Debug|Any CPU
		{A8875C70-E2AC-4619-9274-7D6B02026731}.Debug|x86.Build.0 = Debug|Any CPU
		{A8875C70-E2AC-4619-9274-7D6B02026731}.Release|Any CPU.ActiveCfg = Release|Any CPU
		{A8875C70-E2AC-4619-9274-7D6B02026731}.Release|Any CPU.Build.0 = Release|Any CPU
		{A8875C70-E2AC-4619-9274-7D6B02026731}.Release|x64.ActiveCfg = Release|Any CPU
		{A8875C70-E2AC-4619-9274-7D6B02026731}.Release|x64.Build.0 = Release|Any CPU
		{A8875C70-E2AC-4619-9274-7D6B02026731}.Release|x86.ActiveCfg = Release|Any CPU
		{A8875C70-E2AC-4619-9274-7D6B02026731}.Release|x86.Build.0 = Release|Any CPU
		{97930C9B-A966-4610-81F4-4EC4D33CF336}.Debug|Any CPU.ActiveCfg = Debug|Any CPU
		{97930C9B-A966-4610-81F4-4EC4D33CF336}.Debug|Any CPU.Build.0 = Debug|Any CPU
		{97930C9B-A966-4610-81F4-4EC4D33CF336}.Debug|x64.ActiveCfg = Debug|Any CPU
		{97930C9B-A966-4610-81F4-4EC4D33CF336}.Debug|x64.Build.0 = Debug|Any CPU
		{97930C9B-A966-4610-81F4-4EC4D33CF336}.Debug|x86.ActiveCfg = Debug|Any CPU
		{97930C9B-A966-4610-81F4-4EC4D33CF336}.Debug|x86.Build.0 = Debug|Any CPU
		{97930C9B-A966-4610-81F4-4EC4D33CF336}.Release|Any CPU.ActiveCfg = Release|Any CPU
		{97930C9B-A966-4610-81F4-4EC4D33CF336}.Release|Any CPU.Build.0 = Release|Any CPU
		{97930C9B-A966-4610-81F4-4EC4D33CF336}.Release|x64.ActiveCfg = Release|Any CPU
		{97930C9B-A966-4610-81F4-4EC4D33CF336}.Release|x64.Build.0 = Release|Any CPU
		{97930C9B-A966-4610-81F4-4EC4D33CF336}.Release|x86.ActiveCfg = Release|Any CPU
		{97930C9B-A966-4610-81F4-4EC4D33CF336}.Release|x86.Build.0 = Release|Any CPU
		{6E444DE7-DFFF-40B0-BF70-670ACFB92236}.Debug|Any CPU.ActiveCfg = Debug|Any CPU
		{6E444DE7-DFFF-40B0-BF70-670ACFB92236}.Debug|Any CPU.Build.0 = Debug|Any CPU
		{6E444DE7-DFFF-40B0-BF70-670ACFB92236}.Debug|x64.ActiveCfg = Debug|Any CPU
		{6E444DE7-DFFF-40B0-BF70-670ACFB92236}.Debug|x64.Build.0 = Debug|Any CPU
		{6E444DE7-DFFF-40B0-BF70-670ACFB92236}.Debug|x86.ActiveCfg = Debug|Any CPU
		{6E444DE7-DFFF-40B0-BF70-670ACFB92236}.Debug|x86.Build.0 = Debug|Any CPU
		{6E444DE7-DFFF-40B0-BF70-670ACFB92236}.Release|Any CPU.ActiveCfg = Release|Any CPU
		{6E444DE7-DFFF-40B0-BF70-670ACFB92236}.Release|Any CPU.Build.0 = Release|Any CPU
		{6E444DE7-DFFF-40B0-BF70-670ACFB92236}.Release|x64.ActiveCfg = Release|Any CPU
		{6E444DE7-DFFF-40B0-BF70-670ACFB92236}.Release|x64.Build.0 = Release|Any CPU
		{6E444DE7-DFFF-40B0-BF70-670ACFB92236}.Release|x86.ActiveCfg = Release|Any CPU
		{6E444DE7-DFFF-40B0-BF70-670ACFB92236}.Release|x86.Build.0 = Release|Any CPU
	EndGlobalSection
	GlobalSection(SolutionProperties) = preSolution
		HideSolutionNode = FALSE
	EndGlobalSection
	GlobalSection(NestedProjects) = preSolution
		{9E7A384A-2406-4069-8E10-7CA0AA70F341} = {827E0CD3-B72D-47B6-A68D-7590B98EB39B}
		{1B1B368E-61DD-4641-A1AC-5AB8A25249D7} = {827E0CD3-B72D-47B6-A68D-7590B98EB39B}
		{A8875C70-E2AC-4619-9274-7D6B02026731} = {827E0CD3-B72D-47B6-A68D-7590B98EB39B}
		{97930C9B-A966-4610-81F4-4EC4D33CF336} = {827E0CD3-B72D-47B6-A68D-7590B98EB39B}
		{6E444DE7-DFFF-40B0-BF70-670ACFB92236} = {827E0CD3-B72D-47B6-A68D-7590B98EB39B}
	EndGlobalSection
EndGlobal
